
Microsoft Visual Studio Solution File, Format Version 12.00
# Visual Studio Version 17
VisualStudioVersion = 17.13.35818.85 d17.13
MinimumVisualStudioVersion = 10.0.40219.1
Project("{FAE04EC0-301F-11D3-BF4B-00C04F79EFBC}") = "Projeto Aula", "Projeto Aula.csproj", "{0D3C164D-80F6-4185-87AB-59AB0379D96D}"
EndProject
Global
	GlobalSection(SolutionConfigurationPlatforms) = preSolution
		Debug|Any CPU = Debug|Any CPU
		Release|Any CPU = Release|Any CPU
	EndGlobalSection
	GlobalSection(ProjectConfigurationPlatforms) = postSolution
		{0D3C164D-80F6-4185-87AB-59AB0379D96D}.Debug|Any CPU.ActiveCfg = Debug|Any CPU
		{0D3C164D-80F6-4185-87AB-59AB0379D96D}.Debug|Any CPU.Build.0 = Debug|Any CPU
		{0D3C164D-80F6-4185-87AB-59AB0379D96D}.Release|Any CPU.ActiveCfg = Release|Any CPU
		{0D3C164D-80F6-4185-87AB-59AB0379D96D}.Release|Any CPU.Build.0 = Release|Any CPU
	EndGlobalSection
	GlobalSection(SolutionProperties) = preSolution
		HideSolutionNode = FALSE
	EndGlobalSection
	GlobalSection(ExtensibilityGlobals) = postSolution
		SolutionGuid = {FD4029EA-9036-4C70-A25E-444BCACAB349}
	EndGlobalSection
EndGlobal
